
Microsoft Visual Studio Solution File, Format Version 12.00
# Visual Studio 15
VisualStudioVersion = 15.0.26403.3
MinimumVisualStudioVersion = 10.0.40219.1
Project("{FAE04EC0-301F-11D3-BF4B-00C04F79EFBC}") = "Database", "Database\Database.csproj", "{33FB431A-0B5C-4137-89F7-611C4E56EA5E}"
EndProject
Project("{FAE04EC0-301F-11D3-BF4B-00C04F79EFBC}") = "Service", "Service\Service.csproj", "{00E91A34-B711-467A-BC10-8FC602496560}"
EndProject
Project("{FAE04EC0-301F-11D3-BF4B-00C04F79EFBC}") = "Web", "Web\Web.csproj", "{24BC9049-6F88-4685-9F78-3A2262691924}"
EndProject
Global
	GlobalSection(SolutionConfigurationPlatforms) = preSolution
		Debug|Any CPU = Debug|Any CPU
		Release|Any CPU = Release|Any CPU
	EndGlobalSection
	GlobalSection(ProjectConfigurationPlatforms) = postSolution
		{33FB431A-0B5C-4137-89F7-611C4E56EA5E}.Debug|Any CPU.ActiveCfg = Debug|Any CPU
		{33FB431A-0B5C-4137-89F7-611C4E56EA5E}.Debug|Any CPU.Build.0 = Debug|Any CPU
		{33FB431A-0B5C-4137-89F7-611C4E56EA5E}.Release|Any CPU.ActiveCfg = Release|Any CPU
		{33FB431A-0B5C-4137-89F7-611C4E56EA5E}.Release|Any CPU.Build.0 = Release|Any CPU
		{00E91A34-B711-467A-BC10-8FC602496560}.Debug|Any CPU.ActiveCfg = Debug|Any CPU
		{00E91A34-B711-467A-BC10-8FC602496560}.Debug|Any CPU.Build.0 = Debug|Any CPU
		{00E91A34-B711-467A-BC10-8FC602496560}.Release|Any CPU.ActiveCfg = Release|Any CPU
		{00E91A34-B711-467A-BC10-8FC602496560}.Release|Any CPU.Build.0 = Release|Any CPU
		{24BC9049-6F88-4685-9F78-3A2262691924}.Debug|Any CPU.ActiveCfg = Debug|Any CPU
		{24BC9049-6F88-4685-9F78-3A2262691924}.Debug|Any CPU.Build.0 = Debug|Any CPU
		{24BC9049-6F88-4685-9F78-3A2262691924}.Release|Any CPU.ActiveCfg = Release|Any CPU
		{24BC9049-6F88-4685-9F78-3A2262691924}.Release|Any CPU.Build.0 = Release|Any CPU
	EndGlobalSection
	GlobalSection(SolutionProperties) = preSolution
		HideSolutionNode = FALSE
	EndGlobalSection
EndGlobal
